
Microsoft Visual Studio Solution File, Format Version 12.00
# Visual Studio Version 17
VisualStudioVersion = 17.5.33627.172
MinimumVisualStudioVersion = 10.0.40219.1
Project("{FAE04EC0-301F-11D3-BF4B-00C04F79EFBC}") = "Sap_Saep", "Sap_Saep.csproj", "{115F1836-E387-493B-BEA3-8D44372C9432}"
EndProject
Global
	GlobalSection(SolutionConfigurationPlatforms) = preSolution
		Debug|Any CPU = Debug|Any CPU
		Release|Any CPU = Release|Any CPU
	EndGlobalSection
	GlobalSection(ProjectConfigurationPlatforms) = postSolution
		{115F1836-E387-493B-BEA3-8D44372C9432}.Debug|Any CPU.ActiveCfg = Debug|Any CPU
		{115F1836-E387-493B-BEA3-8D44372C9432}.Debug|Any CPU.Build.0 = Debug|Any CPU
		{115F1836-E387-493B-BEA3-8D44372C9432}.Release|Any CPU.ActiveCfg = Release|Any CPU
		{115F1836-E387-493B-BEA3-8D44372C9432}.Release|Any CPU.Build.0 = Release|Any CPU
	EndGlobalSection
	GlobalSection(SolutionProperties) = preSolution
		HideSolutionNode = FALSE
	EndGlobalSection
	GlobalSection(ExtensibilityGlobals) = postSolution
		SolutionGuid = {DC60F038-ADC8-4E91-A4B3-F51E54C46332}
	EndGlobalSection
EndGlobal
